
Microsoft Visual Studio Solution File, Format Version 12.00
# Visual Studio Version 17
VisualStudioVersion = 17.1.32407.343
MinimumVisualStudioVersion = 10.0.40219.1
Project("{9A19103F-16F7-4668-BE54-9A1E7A4F7556}") = "API", "API\API.csproj", "{55B0E2A0-2FA0-434D-9050-5E42398DC4DF}"
EndProject
Project("{9A19103F-16F7-4668-BE54-9A1E7A4F7556}") = "DataAccessLayer", "DataAccessLayer\DataAccessLayer.csproj", "{8067A930-B23D-46A0-BA6A-CD57FB86D1D8}"
EndProject
Project("{FAE04EC0-301F-11D3-BF4B-00C04F79EFBC}") = "PresentationLayer", "PresentationLayer\PresentationLayer.csproj", "{B8DF1AFA-DFEA-4DD0-9813-2F57B4B7B252}"
EndProject
Global
	GlobalSection(SolutionConfigurationPlatforms) = preSolution
		Debug|Any CPU = Debug|Any CPU
		Release|Any CPU = Release|Any CPU
	EndGlobalSection
	GlobalSection(ProjectConfigurationPlatforms) = postSolution
		{55B0E2A0-2FA0-434D-9050-5E42398DC4DF}.Debug|Any CPU.ActiveCfg = Debug|Any CPU
		{55B0E2A0-2FA0-434D-9050-5E42398DC4DF}.Debug|Any CPU.Build.0 = Debug|Any CPU
		{55B0E2A0-2FA0-434D-9050-5E42398DC4DF}.Release|Any CPU.ActiveCfg = Release|Any CPU
		{55B0E2A0-2FA0-434D-9050-5E42398DC4DF}.Release|Any CPU.Build.0 = Release|Any CPU
		{8067A930-B23D-46A0-BA6A-CD57FB86D1D8}.Debug|Any CPU.ActiveCfg = Debug|Any CPU
		{8067A930-B23D-46A0-BA6A-CD57FB86D1D8}.Debug|Any CPU.Build.0 = Debug|Any CPU
		{8067A930-B23D-46A0-BA6A-CD57FB86D1D8}.Release|Any CPU.ActiveCfg = Release|Any CPU
		{8067A930-B23D-46A0-BA6A-CD57FB86D1D8}.Release|Any CPU.Build.0 = Release|Any CPU
		{B8DF1AFA-DFEA-4DD0-9813-2F57B4B7B252}.Debug|Any CPU.ActiveCfg = Debug|Any CPU
		{B8DF1AFA-DFEA-4DD0-9813-2F57B4B7B252}.Debug|Any CPU.Build.0 = Debug|Any CPU
		{B8DF1AFA-DFEA-4DD0-9813-2F57B4B7B252}.Release|Any CPU.ActiveCfg = Release|Any CPU
		{B8DF1AFA-DFEA-4DD0-9813-2F57B4B7B252}.Release|Any CPU.Build.0 = Release|Any CPU
	EndGlobalSection
	GlobalSection(SolutionProperties) = preSolution
		HideSolutionNode = FALSE
	EndGlobalSection
	GlobalSection(ExtensibilityGlobals) = postSolution
		SolutionGuid = {E761DCD0-3796-47A9-9405-02DF3DC64549}
	EndGlobalSection
EndGlobal
